
Microsoft Visual Studio Solution File, Format Version 12.00
# Visual Studio 15
VisualStudioVersion = 15.0.27130.2010
MinimumVisualStudioVersion = 10.0.40219.1
Project("{FAE04EC0-301F-11D3-BF4B-00C04F79EFBC}") = "WindowsForm_practice", "WindowsForm_練習用\WindowsForm_practice.csproj", "{8E321924-FA52-4654-97E3-1F20FCB6052C}"
EndProject
Global
	GlobalSection(SolutionConfigurationPlatforms) = preSolution
		Debug|Any CPU = Debug|Any CPU
		Release|Any CPU = Release|Any CPU
	EndGlobalSection
	GlobalSection(ProjectConfigurationPlatforms) = postSolution
		{8E321924-FA52-4654-97E3-1F20FCB6052C}.Debug|Any CPU.ActiveCfg = Debug|Any CPU
		{8E321924-FA52-4654-97E3-1F20FCB6052C}.Debug|Any CPU.Build.0 = Debug|Any CPU
		{8E321924-FA52-4654-97E3-1F20FCB6052C}.Release|Any CPU.ActiveCfg = Release|Any CPU
		{8E321924-FA52-4654-97E3-1F20FCB6052C}.Release|Any CPU.Build.0 = Release|Any CPU
	EndGlobalSection
	GlobalSection(SolutionProperties) = preSolution
		HideSolutionNode = FALSE
	EndGlobalSection
	GlobalSection(ExtensibilityGlobals) = postSolution
		SolutionGuid = {4336A4F1-6FE3-4E1D-B640-11DD00B5B460}
	EndGlobalSection
EndGlobal
